
Microsoft Visual Studio Solution File, Format Version 11.0
# Visual Studio 2010
Project("{FAE04EC0-301F-11D3-BF4B-00C04F79EFBC}") = "UnityVS.jelly RuSH.CSharp", "UnityVS.jelly RuSH.CSharp.csproj", "{D5D691D5-2FCD-0BE6-E611-F4016504F715}"
EndProject
Global
	GlobalSection(SolutionConfigurationPlatforms) = preSolution
		Debug|Any CPU = Debug|Any CPU
		Release|Any CPU = Release|Any CPU
	EndGlobalSection
	GlobalSection(ProjectConfigurationPlatforms) = postSolution
		{D5D691D5-2FCD-0BE6-E611-F4016504F715}.Debug|Any CPU.ActiveCfg = Debug|Any CPU
		{D5D691D5-2FCD-0BE6-E611-F4016504F715}.Debug|Any CPU.Build.0 = Debug|Any CPU
		{D5D691D5-2FCD-0BE6-E611-F4016504F715}.Release|Any CPU.ActiveCfg = Release|Any CPU
		{D5D691D5-2FCD-0BE6-E611-F4016504F715}.Release|Any CPU.Build.0 = Release|Any CPU
	EndGlobalSection
	GlobalSection(SolutionProperties) = preSolution
		HideSolutionNode = FALSE
	EndGlobalSection
EndGlobal
